// !$*UTF8*$!
{
	archiveVersion = 1;
	classes = {
	};
	objectVersion = 55;
	objects = {

/* Begin PBXBuildFile section */
		BBD0DDA9299AA924003A3C89 /* AppDelegate.swift in Sources */ = {isa = PBXBuildFile; fileRef = BBD0DDA8299AA924003A3C89 /* AppDelegate.swift */; };
		BBD0DDAB299AA924003A3C89 /* SceneDelegate.swift in Sources */ = {isa = PBXBuildFile; fileRef = BBD0DDAA299AA924003A3C89 /* SceneDelegate.swift */; };
		BBD0DDAD299AA924003A3C89 /* ViewController.swift in Sources */ = {isa = PBXBuildFile; fileRef = BBD0DDAC299AA924003A3C89 /* ViewController.swift */; };
		BBD0DDB0299AA924003A3C89 /* Main.storyboard in Resources */ = {isa = PBXBuildFile; fileRef = BBD0DDAE299AA924003A3C89 /* Main.storyboard */; };
		BBD0DDB2299AA927003A3C89 /* Assets.xcassets in Resources */ = {isa = PBXBuildFile; fileRef = BBD0DDB1299AA927003A3C89 /* Assets.xcassets */; };
		BBD0DDB5299AA927003A3C89 /* LaunchScreen.storyboard in Resources */ = {isa = PBXBuildFile; fileRef = BBD0DDB3299AA927003A3C89 /* LaunchScreen.storyboard */; };
		BBD0DDBE299AB0FA003A3C89 /* ApodManager.swift in Sources */ = {isa = PBXBuildFile; fileRef = BBD0DDBD299AB0FA003A3C89 /* ApodManager.swift */; };
		BBD0DDC0299ABA83003A3C89 /* ApodModel.swift in Sources */ = {isa = PBXBuildFile; fileRef = BBD0DDBF299ABA83003A3C89 /* ApodModel.swift */; };
/* End PBXBuildFile section */

/* Begin PBXFileReference section */
		BBD0DDA5299AA924003A3C89 /* nasa-apod.app */ = {isa = PBXFileReference; explicitFileType = wrapper.application; includeInIndex = 0; path = "nasa-apod.app"; sourceTree = BUILT_PRODUCTS_DIR; };
		BBD0DDA8299AA924003A3C89 /* AppDelegate.swift */ = {isa = PBXFileReference; lastKnownFileType = sourcecode.swift; path = AppDelegate.swift; sourceTree = "<group>"; };
		BBD0DDAA299AA924003A3C89 /* SceneDelegate.swift */ = {isa = PBXFileReference; lastKnownFileType = sourcecode.swift; path = SceneDelegate.swift; sourceTree = "<group>"; };
		BBD0DDAC299AA924003A3C89 /* ViewController.swift */ = {isa = PBXFileReference; lastKnownFileType = sourcecode.swift; path = ViewController.swift; sourceTree = "<group>"; };
		BBD0DDAF299AA924003A3C89 /* Base */ = {isa = PBXFileReference; lastKnownFileType = file.storyboard; name = Base; path = Base.lproj/Main.storyboard; sourceTree = "<group>"; };
		BBD0DDB1299AA927003A3C89 /* Assets.xcassets */ = {isa = PBXFileReference; lastKnownFileType = folder.assetcatalog; path = Assets.xcassets; sourceTree = "<group>"; };
		BBD0DDB4299AA927003A3C89 /* Base */ = {isa = PBXFileReference; lastKnownFileType = file.storyboard; name = Base; path = Base.lproj/LaunchScreen.storyboard; sourceTree = "<group>"; };
		BBD0DDB6299AA927003A3C89 /* Info.plist */ = {isa = PBXFileReference; lastKnownFileType = text.plist.xml; path = Info.plist; sourceTree = "<group>"; };
		BBD0DDBD299AB0FA003A3C89 /* ApodManager.swift */ = {isa = PBXFileReference; lastKnownFileType = sourcecode.swift; path = ApodManager.swift; sourceTree = "<group>"; };
		BBD0DDBF299ABA83003A3C89 /* ApodModel.swift */ = {isa = PBXFileReference; lastKnownFileType = sourcecode.swift; path = ApodModel.swift; sourceTree = "<group>"; };
/* End PBXFileReference section */

/* Begin PBXFrameworksBuildPhase section */
		BBD0DDA2299AA924003A3C89 /* Frameworks */ = {
			isa = PBXFrameworksBuildPhase;
			buildActionMask = 2147483647;
			files = (
			);
			runOnlyForDeploymentPostprocessing = 0;
		};
/* End PBXFrameworksBuildPhase section */

/* Begin PBXGroup section */
		BBD0DD9C299AA924003A3C89 = {
			isa = PBXGroup;
			children = (
				BBD0DDA7299AA924003A3C89 /* nasa-apod */,
				BBD0DDA6299AA924003A3C89 /* Products */,
			);
			sourceTree = "<group>";
		};
		BBD0DDA6299AA924003A3C89 /* Products */ = {
			isa = PBXGroup;
			children = (
				BBD0DDA5299AA924003A3C89 /* nasa-apod.app */,
			);
			name = Products;
			sourceTree = "<group>";
		};
		BBD0DDA7299AA924003A3C89 /* nasa-apod */ = {
			isa = PBXGroup;
			children = (
				BBD0DDBC299AB0D8003A3C89 /* Model */,
				BBD0DDA8299AA924003A3C89 /* AppDelegate.swift */,
				BBD0DDAA299AA924003A3C89 /* SceneDelegate.swift */,
				BBD0DDAC299AA924003A3C89 /* ViewController.swift */,
				BBD0DDAE299AA924003A3C89 /* Main.storyboard */,
				BBD0DDB1299AA927003A3C89 /* Assets.xcassets */,
				BBD0DDB3299AA927003A3C89 /* LaunchScreen.storyboard */,
				BBD0DDB6299AA927003A3C89 /* Info.plist */,
			);
			path = "nasa-apod";
			sourceTree = "<group>";
		};
		BBD0DDBC299AB0D8003A3C89 /* Model */ = {
			isa = PBXGroup;
			children = (
				BBD0DDBD299AB0FA003A3C89 /* ApodManager.swift */,
				BBD0DDBF299ABA83003A3C89 /* ApodModel.swift */,
			);
			path = Model;
			sourceTree = "<group>";
		};
/* End PBXGroup section */

/* Begin PBXNativeTarget section */
		BBD0DDA4299AA924003A3C89 /* nasa-apod */ = {
			isa = PBXNativeTarget;
			buildConfigurationList = BBD0DDB9299AA927003A3C89 /* Build configuration list for PBXNativeTarget "nasa-apod" */;
			buildPhases = (
				BBD0DDA1299AA924003A3C89 /* Sources */,
				BBD0DDA2299AA924003A3C89 /* Frameworks */,
				BBD0DDA3299AA924003A3C89 /* Resources */,
			);
			buildRules = (
			);
			dependencies = (
			);
			name = "nasa-apod";
			productName = "nasa-apod";
			productReference = BBD0DDA5299AA924003A3C89 /* nasa-apod.app */;
			productType = "com.apple.product-type.application";
		};
/* End PBXNativeTarget section */

/* Begin PBXProject section */
		BBD0DD9D299AA924003A3C89 /* Project object */ = {
			isa = PBXProject;
			attributes = {
				BuildIndependentTargetsInParallel = 1;
				LastSwiftUpdateCheck = 1340;
				LastUpgradeCheck = 1340;
				TargetAttributes = {
					BBD0DDA4299AA924003A3C89 = {
						CreatedOnToolsVersion = 13.4.1;
					};
				};
			};
			buildConfigurationList = BBD0DDA0299AA924003A3C89 /* Build configuration list for PBXProject "nasa-apod" */;
			compatibilityVersion = "Xcode 13.0";
			developmentRegion = en;
			hasScannedForEncodings = 0;
			knownRegions = (
				en,
				Base,
			);
			mainGroup = BBD0DD9C299AA924003A3C89;
			productRefGroup = BBD0DDA6299AA924003A3C89 /* Products */;
			projectDirPath = "";
			projectRoot = "";
			targets = (
				BBD0DDA4299AA924003A3C89 /* nasa-apod */,
			);
		};
/* End PBXProject section */

/* Begin PBXResourcesBuildPhase section */
		BBD0DDA3299AA924003A3C89 /* Resources */ = {
			isa = PBXResourcesBuildPhase;
			buildActionMask = 2147483647;
			files = (
				BBD0DDB5299AA927003A3C89 /* LaunchScreen.storyboard in Resources */,
				BBD0DDB2299AA927003A3C89 /* Assets.xcassets in Resources */,
				BBD0DDB0299AA924003A3C89 /* Main.storyboard in Resources */,
			);
			runOnlyForDeploymentPostprocessing = 0;
		};
/* End PBXResourcesBuildPhase section */

/* Begin PBXSourcesBuildPhase section */
		BBD0DDA1299AA924003A3C89 /* Sources */ = {
			isa = PBXSourcesBuildPhase;
			buildActionMask = 2147483647;
			files = (
				BBD0DDAD299AA924003A3C89 /* ViewController.swift in Sources */,
				BBD0DDA9299AA924003A3C89 /* AppDelegate.swift in Sources */,
				BBD0DDBE299AB0FA003A3C89 /* ApodManager.swift in Sources */,
				BBD0DDC0299ABA83003A3C89 /* ApodModel.swift in Sources */,
				BBD0DDAB299AA924003A3C89 /* SceneDelegate.swift in Sources */,
			);
			runOnlyForDeploymentPostprocessing = 0;
		};
/* End PBXSourcesBuildPhase section */

/* Begin PBXVariantGroup section */
		BBD0DDAE299AA924003A3C89 /* Main.storyboard */ = {
			isa = PBXVariantGroup;
			children = (
				BBD0DDAF299AA924003A3C89 /* Base */,
			);
			name = Main.storyboard;
			sourceTree = "<group>";
		};
		BBD0DDB3299AA927003A3C89 /* LaunchScreen.storyboard */ = {
			isa = PBXVariantGroup;
			children = (
				BBD0DDB4299AA927003A3C89 /* Base */,
			);
			name = LaunchScreen.storyboard;
			sourceTree = "<group>";
		};
/* End PBXVariantGroup section */

/* Begin XCBuildConfiguration section */
		BBD0DDB7299AA927003A3C89 /* Debug */ = {
			isa = XCBuildConfiguration;
			buildSettings = {
				ALWAYS_SEARCH_USER_PATHS = NO;
				CLANG_ANALYZER_NONNULL = YES;
				CLANG_ANALYZER_NUMBER_OBJECT_CONVERSION = YES_AGGRESSIVE;
				CLANG_CXX_LANGUAGE_STANDARD = "gnu++17";
				CLANG_ENABLE_MODULES = YES;
				CLANG_ENABLE_OBJC_ARC = YES;
				CLANG_ENABLE_OBJC_WEAK = YES;
				CLANG_WARN_BLOCK_CAPTURE_AUTORELEASING = YES;
				CLANG_WARN_BOOL_CONVERSION = YES;
				CLANG_WARN_COMMA = YES;
				CLANG_WARN_CONSTANT_CONVERSION = YES;
				CLANG_WARN_DEPRECATED_OBJC_IMPLEMENTATIONS = YES;
				CLANG_WARN_DIRECT_OBJC_ISA_USAGE = YES_ERROR;
				CLANG_WARN_DOCUMENTATION_COMMENTS = YES;
				CLANG_WARN_EMPTY_BODY = YES;
				CLANG_WARN_ENUM_CONVERSION = YES;
				CLANG_WARN_INFINITE_RECURSION = YES;
				CLANG_WARN_INT_CONVERSION = YES;
				CLANG_WARN_NON_LITERAL_NULL_CONVERSION = YES;
				CLANG_WARN_OBJC_IMPLICIT_RETAIN_SELF = YES;
				CLANG_WARN_OBJC_LITERAL_CONVERSION = YES;
				CLANG_WARN_OBJC_ROOT_CLASS = YES_ERROR;
				CLANG_WARN_QUOTED_INCLUDE_IN_FRAMEWORK_HEADER = YES;
				CLANG_WARN_RANGE_LOOP_ANALYSIS = YES;
				CLANG_WARN_STRICT_PROTOTYPES = YES;
				CLANG_WARN_SUSPICIOUS_MOVE = YES;
				CLANG_WARN_UNGUARDED_AVAILABILITY = YES_AGGRESSIVE;
				CLANG_WARN_UNREACHABLE_CODE = YES;
				CLANG_WARN__DUPLICATE_METHOD_MATCH = YES;
				COPY_PHASE_STRIP = NO;
				DEBUG_INFORMATION_FORMAT = dwarf;
				ENABLE_STRICT_OBJC_MSGSEND = YES;
				ENABLE_TESTABILITY = YES;
				GCC_C_LANGUAGE_STANDARD = gnu11;
				GCC_DYNAMIC_NO_PIC = NO;
				GCC_NO_COMMON_BLOCKS = YES;
				GCC_OPTIMIZATION_LEVEL = 0;
				GCC_PREPROCESSOR_DEFINITIONS = (
					"DEBUG=1",
					"$(inherited)",
				);
				GCC_WARN_64_TO_32_BIT_CONVERSION = YES;
				GCC_WARN_ABOUT_RETURN_TYPE = YES_ERROR;
				GCC_WARN_UNDECLARED_SELECTOR = YES;
				GCC_WARN_UNINITIALIZED_AUTOS = YES_AGGRESSIVE;
				GCC_WARN_UNUSED_FUNCTION = YES;
				GCC_WARN_UNUSED_VARIABLE = YES;
				IPHONEOS_DEPLOYMENT_TARGET = 15.5;
				MTL_ENABLE_DEBUG_INFO = INCLUDE_SOURCE;
				MTL_FAST_MATH = YES;
				ONLY_ACTIVE_ARCH = YES;
				SDKROOT = iphoneos;
				SWIFT_ACTIVE_COMPILATION_CONDITIONS = DEBUG;
				SWIFT_OPTIMIZATION_LEVEL = "-Onone";
			};
			name = Debug;
		};
		BBD0DDB8299AA927003A3C89 /* Release */ = {
			isa = XCBuildConfiguration;
			buildSettings = {
				ALWAYS_SEARCH_USER_PATHS = NO;
				CLANG_ANALYZER_NONNULL = YES;
				CLANG_ANALYZER_NUMBER_OBJECT_CONVERSION = YES_AGGRESSIVE;
				CLANG_CXX_LANGUAGE_STANDARD = "gnu++17";
				CLANG_ENABLE_MODULES = YES;
				CLANG_ENABLE_OBJC_ARC = YES;
				CLANG_ENABLE_OBJC_WEAK = YES;
				CLANG_WARN_BLOCK_CAPTURE_AUTORELEASING = YES;
				CLANG_WARN_BOOL_CONVERSION = YES;
				CLANG_WARN_COMMA = YES;
				CLANG_WARN_CONSTANT_CONVERSION = YES;
				CLANG_WARN_DEPRECATED_OBJC_IMPLEMENTATIONS = YES;
				CLANG_WARN_DIRECT_OBJC_ISA_USAGE = YES_ERROR;
				CLANG_WARN_DOCUMENTATION_COMMENTS = YES;
				CLANG_WARN_EMPTY_BODY = YES;
				CLANG_WARN_ENUM_CONVERSION = YES;
				CLANG_WARN_INFINITE_RECURSION = YES;
				CLANG_WARN_INT_CONVERSION = YES;
				CLANG_WARN_NON_LITERAL_NULL_CONVERSION = YES;
				CLANG_WARN_OBJC_IMPLICIT_RETAIN_SELF = YES;
				CLANG_WARN_OBJC_LITERAL_CONVERSION = YES;
				CLANG_WARN_OBJC_ROOT_CLASS = YES_ERROR;
				CLANG_WARN_QUOTED_INCLUDE_IN_FRAMEWORK_HEADER = YES;
				CLANG_WARN_RANGE_LOOP_ANALYSIS = YES;
				CLANG_WARN_STRICT_PROTOTYPES = YES;
				CLANG_WARN_SUSPICIOUS_MOVE = YES;
				CLANG_WARN_UNGUARDED_AVAILABILITY = YES_AGGRESSIVE;
				CLANG_WARN_UNREACHABLE_CODE = YES;
				CLANG_WARN__DUPLICATE_METHOD_MATCH = YES;
				COPY_PHASE_STRIP = NO;
				DEBUG_INFORMATION_FORMAT = "dwarf-with-dsym";
				ENABLE_NS_ASSERTIONS = NO;
				ENABLE_STRICT_OBJC_MSGSEND = YES;
				GCC_C_LANGUAGE_STANDARD = gnu11;
				GCC_NO_COMMON_BLOCKS = YES;
				GCC_WARN_64_TO_32_BIT_CONVERSION = YES;
				GCC_WARN_ABOUT_RETURN_TYPE = YES_ERROR;
				GCC_WARN_UNDECLARED_SELECTOR = YES;
				GCC_WARN_UNINITIALIZED_AUTOS = YES_AGGRESSIVE;
				GCC_WARN_UNUSED_FUNCTION = YES;
				GCC_WARN_UNUSED_VARIABLE = YES;
				IPHONEOS_DEPLOYMENT_TARGET = 15.5;
				MTL_ENABLE_DEBUG_INFO = NO;
				MTL_FAST_MATH = YES;
				SDKROOT = iphoneos;
				SWIFT_COMPILATION_MODE = wholemodule;
				SWIFT_OPTIMIZATION_LEVEL = "-O";
				VALIDATE_PRODUCT = YES;
			};
			name = Release;
		};
		BBD0DDBA299AA927003A3C89 /* Debug */ = {
			isa = XCBuildConfiguration;
			buildSettings = {
				ASSETCATALOG_COMPILER_APPICON_NAME = AppIcon;
				ASSETCATALOG_COMPILER_GLOBAL_ACCENT_COLOR_NAME = AccentColor;
				CODE_SIGN_STYLE = Automatic;
				CURRENT_PROJECT_VERSION = 1;
				GENERATE_INFOPLIST_FILE = YES;
				INFOPLIST_FILE = "nasa-apod/Info.plist";
				INFOPLIST_KEY_CFBundleDisplayName = Apod;
				INFOPLIST_KEY_UIApplicationSupportsIndirectInputEvents = YES;
				INFOPLIST_KEY_UILaunchStoryboardName = LaunchScreen;
				INFOPLIST_KEY_UIMainStoryboardFile = Main;
				INFOPLIST_KEY_UISupportedInterfaceOrientations = UIInterfaceOrientationPortrait;
				INFOPLIST_KEY_UISupportedInterfaceOrientations_iPad = "UIInterfaceOrientationPortrait UIInterfaceOrientationPortraitUpsideDown UIInterfaceOrientationLandscapeLeft UIInterfaceOrientationLandscapeRight";
				INFOPLIST_KEY_UISupportedInterfaceOrientations_iPhone = "UIInterfaceOrientationPortrait UIInterfaceOrientationLandscapeLeft UIInterfaceOrientationLandscapeRight";
				LD_RUNPATH_SEARCH_PATHS = (
					"$(inherited)",
					"@executable_path/Frameworks",
				);
				MARKETING_VERSION = 1.0;
				PRODUCT_BUNDLE_IDENTIFIER = "example.com.nasa-apod";
				PRODUCT_NAME = "$(TARGET_NAME)";
				SWIFT_EMIT_LOC_STRINGS = YES;
				SWIFT_VERSION = 5.0;
				TARGETED_DEVICE_FAMILY = "1,2";
			};
			name = Debug;
		};
		BBD0DDBB299AA927003A3C89 /* Release */ = {
			isa = XCBuildConfiguration;
			buildSettings = {
				ASSETCATALOG_COMPILER_APPICON_NAME = AppIcon;
				ASSETCATALOG_COMPILER_GLOBAL_ACCENT_COLOR_NAME = AccentColor;
				CODE_SIGN_STYLE = Automatic;
				CURRENT_PROJECT_VERSION = 1;
				GENERATE_INFOPLIST_FILE = YES;
				INFOPLIST_FILE = "nasa-apod/Info.plist";
				INFOPLIST_KEY_CFBundleDisplayName = Apod;
				INFOPLIST_KEY_UIApplicationSupportsIndirectInputEvents = YES;
				INFOPLIST_KEY_UILaunchStoryboardName = LaunchScreen;
				INFOPLIST_KEY_UIMainStoryboardFile = Main;
				INFOPLIST_KEY_UISupportedInterfaceOrientations = UIInterfaceOrientationPortrait;
				INFOPLIST_KEY_UISupportedInterfaceOrientations_iPad = "UIInterfaceOrientationPortrait UIInterfaceOrientationPortraitUpsideDown UIInterfaceOrientationLandscapeLeft UIInterfaceOrientationLandscapeRight";
				INFOPLIST_KEY_UISupportedInterfaceOrientations_iPhone = "UIInterfaceOrientationPortrait UIInterfaceOrientationLandscapeLeft UIInterfaceOrientationLandscapeRight";
				LD_RUNPATH_SEARCH_PATHS = (
					"$(inherited)",
					"@executable_path/Frameworks",
				);
				MARKETING_VERSION = 1.0;
				PRODUCT_BUNDLE_IDENTIFIER = "example.com.nasa-apod";
				PRODUCT_NAME = "$(TARGET_NAME)";
				SWIFT_EMIT_LOC_STRINGS = YES;
				SWIFT_VERSION = 5.0;
				TARGETED_DEVICE_FAMILY = "1,2";
			};
			name = Release;
		};
/* End XCBuildConfiguration section */

/* Begin XCConfigurationList section */
		BBD0DDA0299AA924003A3C89 /* Build configuration list for PBXProject "nasa-apod" */ = {
			isa = XCConfigurationList;
			buildConfigurations = (
				BBD0DDB7299AA927003A3C89 /* Debug */,
				BBD0DDB8299AA927003A3C89 /* Release */,
			);
			defaultConfigurationIsVisible = 0;
			defaultConfigurationName = Release;
		};
		BBD0DDB9299AA927003A3C89 /* Build configuration list for PBXNativeTarget "nasa-apod" */ = {
			isa = XCConfigurationList;
			buildConfigurations = (
				BBD0DDBA299AA927003A3C89 /* Debug */,
				BBD0DDBB299AA927003A3C89 /* Release */,
			);
			defaultConfigurationIsVisible = 0;
			defaultConfigurationName = Release;
		};
/* End XCConfigurationList section */
	};
	rootObject = BBD0DD9D299AA924003A3C89 /* Project object */;
}
